
Microsoft Visual Studio Solution File, Format Version 12.00
# Visual Studio Version 16
VisualStudioVersion = 16.0.32929.386
MinimumVisualStudioVersion = 10.0.40219.1
Project("{FAE04EC0-301F-11D3-BF4B-00C04F79EFBC}") = "WPF13", "WPF13\WPF13.csproj", "{DF9EFA4B-1B5F-4BD9-90A9-41C072E9ED45}"
EndProject
Global
	GlobalSection(SolutionConfigurationPlatforms) = preSolution
		Debug|Any CPU = Debug|Any CPU
		Release|Any CPU = Release|Any CPU
	EndGlobalSection
	GlobalSection(ProjectConfigurationPlatforms) = postSolution
		{DF9EFA4B-1B5F-4BD9-90A9-41C072E9ED45}.Debug|Any CPU.ActiveCfg = Debug|Any CPU
		{DF9EFA4B-1B5F-4BD9-90A9-41C072E9ED45}.Debug|Any CPU.Build.0 = Debug|Any CPU
		{DF9EFA4B-1B5F-4BD9-90A9-41C072E9ED45}.Release|Any CPU.ActiveCfg = Release|Any CPU
		{DF9EFA4B-1B5F-4BD9-90A9-41C072E9ED45}.Release|Any CPU.Build.0 = Release|Any CPU
	EndGlobalSection
	GlobalSection(SolutionProperties) = preSolution
		HideSolutionNode = FALSE
	EndGlobalSection
	GlobalSection(ExtensibilityGlobals) = postSolution
		SolutionGuid = {97778567-D567-4891-BE05-A7699FF39B76}
	EndGlobalSection
EndGlobal
